
Microsoft Visual Studio Solution File, Format Version 12.00
# Visual Studio Version 16
VisualStudioVersion = 16.0.29905.134
MinimumVisualStudioVersion = 10.0.40219.1
Project("{FAE04EC0-301F-11D3-BF4B-00C04F79EFBC}") = "CenterDevice.SampleApp", "CenterDevice.SampleApp\CenterDevice.SampleApp.csproj", "{2FBE013B-7B2B-410B-9667-DFB060EBC82E}"
EndProject
Project("{9A19103F-16F7-4668-BE54-9A1E7A4F7556}") = "CenterDevice.Rest", "CenterDevice.Rest\CenterDevice.Rest.csproj", "{B707CEDF-DECB-4E3B-B282-79C42C0A1D94}"
EndProject
Global
	GlobalSection(SolutionConfigurationPlatforms) = preSolution
		CI_CD|Any CPU = CI_CD|Any CPU
		CI_CD|x64 = CI_CD|x64
		CI_CD|x86 = CI_CD|x86
		Debug|Any CPU = Debug|Any CPU
		Debug|x64 = Debug|x64
		Debug|x86 = Debug|x86
		Release|Any CPU = Release|Any CPU
		Release|x64 = Release|x64
		Release|x86 = Release|x86
	EndGlobalSection
	GlobalSection(ProjectConfigurationPlatforms) = postSolution
		{2FBE013B-7B2B-410B-9667-DFB060EBC82E}.CI_CD|Any CPU.ActiveCfg = Release|Any CPU
		{2FBE013B-7B2B-410B-9667-DFB060EBC82E}.CI_CD|Any CPU.Build.0 = Release|Any CPU
		{2FBE013B-7B2B-410B-9667-DFB060EBC82E}.CI_CD|x64.ActiveCfg = Release|Any CPU
		{2FBE013B-7B2B-410B-9667-DFB060EBC82E}.CI_CD|x64.Build.0 = Release|Any CPU
		{2FBE013B-7B2B-410B-9667-DFB060EBC82E}.CI_CD|x86.ActiveCfg = Release|Any CPU
		{2FBE013B-7B2B-410B-9667-DFB060EBC82E}.CI_CD|x86.Build.0 = Release|Any CPU
		{2FBE013B-7B2B-410B-9667-DFB060EBC82E}.Debug|Any CPU.ActiveCfg = Debug|Any CPU
		{2FBE013B-7B2B-410B-9667-DFB060EBC82E}.Debug|Any CPU.Build.0 = Debug|Any CPU
		{2FBE013B-7B2B-410B-9667-DFB060EBC82E}.Debug|x64.ActiveCfg = Debug|Any CPU
		{2FBE013B-7B2B-410B-9667-DFB060EBC82E}.Debug|x64.Build.0 = Debug|Any CPU
		{2FBE013B-7B2B-410B-9667-DFB060EBC82E}.Debug|x86.ActiveCfg = Debug|Any CPU
		{2FBE013B-7B2B-410B-9667-DFB060EBC82E}.Debug|x86.Build.0 = Debug|Any CPU
		{2FBE013B-7B2B-410B-9667-DFB060EBC82E}.Release|Any CPU.ActiveCfg = Release|Any CPU
		{2FBE013B-7B2B-410B-9667-DFB060EBC82E}.Release|Any CPU.Build.0 = Release|Any CPU
		{2FBE013B-7B2B-410B-9667-DFB060EBC82E}.Release|x64.ActiveCfg = Release|Any CPU
		{2FBE013B-7B2B-410B-9667-DFB060EBC82E}.Release|x64.Build.0 = Release|Any CPU
		{2FBE013B-7B2B-410B-9667-DFB060EBC82E}.Release|x86.ActiveCfg = Release|Any CPU
		{2FBE013B-7B2B-410B-9667-DFB060EBC82E}.Release|x86.Build.0 = Release|Any CPU
		{B707CEDF-DECB-4E3B-B282-79C42C0A1D94}.CI_CD|Any CPU.ActiveCfg = CI_CD|Any CPU
		{B707CEDF-DECB-4E3B-B282-79C42C0A1D94}.CI_CD|Any CPU.Build.0 = CI_CD|Any CPU
		{B707CEDF-DECB-4E3B-B282-79C42C0A1D94}.CI_CD|x64.ActiveCfg = CI_CD|Any CPU
		{B707CEDF-DECB-4E3B-B282-79C42C0A1D94}.CI_CD|x64.Build.0 = CI_CD|Any CPU
		{B707CEDF-DECB-4E3B-B282-79C42C0A1D94}.CI_CD|x86.ActiveCfg = CI_CD|Any CPU
		{B707CEDF-DECB-4E3B-B282-79C42C0A1D94}.CI_CD|x86.Build.0 = CI_CD|Any CPU
		{B707CEDF-DECB-4E3B-B282-79C42C0A1D94}.Debug|Any CPU.ActiveCfg = Debug|Any CPU
		{B707CEDF-DECB-4E3B-B282-79C42C0A1D94}.Debug|Any CPU.Build.0 = Debug|Any CPU
		{B707CEDF-DECB-4E3B-B282-79C42C0A1D94}.Debug|x64.ActiveCfg = Debug|Any CPU
		{B707CEDF-DECB-4E3B-B282-79C42C0A1D94}.Debug|x64.Build.0 = Debug|Any CPU
		{B707CEDF-DECB-4E3B-B282-79C42C0A1D94}.Debug|x86.ActiveCfg = Debug|Any CPU
		{B707CEDF-DECB-4E3B-B282-79C42C0A1D94}.Debug|x86.Build.0 = Debug|Any CPU
		{B707CEDF-DECB-4E3B-B282-79C42C0A1D94}.Release|Any CPU.ActiveCfg = Release|Any CPU
		{B707CEDF-DECB-4E3B-B282-79C42C0A1D94}.Release|Any CPU.Build.0 = Release|Any CPU
		{B707CEDF-DECB-4E3B-B282-79C42C0A1D94}.Release|x64.ActiveCfg = Release|Any CPU
		{B707CEDF-DECB-4E3B-B282-79C42C0A1D94}.Release|x64.Build.0 = Release|Any CPU
		{B707CEDF-DECB-4E3B-B282-79C42C0A1D94}.Release|x86.ActiveCfg = Release|Any CPU
		{B707CEDF-DECB-4E3B-B282-79C42C0A1D94}.Release|x86.Build.0 = Release|Any CPU
	EndGlobalSection
	GlobalSection(SolutionProperties) = preSolution
		HideSolutionNode = FALSE
	EndGlobalSection
	GlobalSection(ExtensibilityGlobals) = postSolution
		SolutionGuid = {8475C380-512C-4AB5-9387-EC5C62108FBE}
	EndGlobalSection
EndGlobal
