
Microsoft Visual Studio Solution File, Format Version 12.00
# Visual Studio Version 16
VisualStudioVersion = 16.0.29905.134
MinimumVisualStudioVersion = 10.0.40219.1
Project("{FAE04EC0-301F-11D3-BF4B-00C04F79EFBC}") = "CenterDevice.SampleApp", "CenterDevice.SampleApp\CenterDevice.SampleApp.csproj", "{2FBE013B-7B2B-410B-9667-DFB060EBC82E}"
EndProject
Project("{FAE04EC0-301F-11D3-BF4B-00C04F79EFBC}") = "CenterDevice.Model", "CenterDevice.Model\CenterDevice.Model.csproj", "{C16F46D8-461B-4FE3-B8D6-26B3DBE6FA6C}"
EndProject
Project("{FAE04EC0-301F-11D3-BF4B-00C04F79EFBC}") = "CenterDevice.Rest", "CenterDevice.Rest\CenterDevice.Rest.csproj", "{6FDBDA8A-EE11-46CB-B416-759F0800420B}"
EndProject
Global
	GlobalSection(SolutionConfigurationPlatforms) = preSolution
		Debug|Any CPU = Debug|Any CPU
		Debug|x64 = Debug|x64
		Debug|x86 = Debug|x86
		Release|Any CPU = Release|Any CPU
		Release|x64 = Release|x64
		Release|x86 = Release|x86
	EndGlobalSection
	GlobalSection(ProjectConfigurationPlatforms) = postSolution
		{2FBE013B-7B2B-410B-9667-DFB060EBC82E}.Debug|Any CPU.ActiveCfg = Debug|Any CPU
		{2FBE013B-7B2B-410B-9667-DFB060EBC82E}.Debug|Any CPU.Build.0 = Debug|Any CPU
		{2FBE013B-7B2B-410B-9667-DFB060EBC82E}.Debug|x64.ActiveCfg = Debug|Any CPU
		{2FBE013B-7B2B-410B-9667-DFB060EBC82E}.Debug|x64.Build.0 = Debug|Any CPU
		{2FBE013B-7B2B-410B-9667-DFB060EBC82E}.Debug|x86.ActiveCfg = Debug|Any CPU
		{2FBE013B-7B2B-410B-9667-DFB060EBC82E}.Debug|x86.Build.0 = Debug|Any CPU
		{2FBE013B-7B2B-410B-9667-DFB060EBC82E}.Release|Any CPU.ActiveCfg = Release|Any CPU
		{2FBE013B-7B2B-410B-9667-DFB060EBC82E}.Release|Any CPU.Build.0 = Release|Any CPU
		{2FBE013B-7B2B-410B-9667-DFB060EBC82E}.Release|x64.ActiveCfg = Release|Any CPU
		{2FBE013B-7B2B-410B-9667-DFB060EBC82E}.Release|x64.Build.0 = Release|Any CPU
		{2FBE013B-7B2B-410B-9667-DFB060EBC82E}.Release|x86.ActiveCfg = Release|Any CPU
		{2FBE013B-7B2B-410B-9667-DFB060EBC82E}.Release|x86.Build.0 = Release|Any CPU
		{C16F46D8-461B-4FE3-B8D6-26B3DBE6FA6C}.Debug|Any CPU.ActiveCfg = Debug|Any CPU
		{C16F46D8-461B-4FE3-B8D6-26B3DBE6FA6C}.Debug|Any CPU.Build.0 = Debug|Any CPU
		{C16F46D8-461B-4FE3-B8D6-26B3DBE6FA6C}.Debug|x64.ActiveCfg = Debug|x64
		{C16F46D8-461B-4FE3-B8D6-26B3DBE6FA6C}.Debug|x64.Build.0 = Debug|x64
		{C16F46D8-461B-4FE3-B8D6-26B3DBE6FA6C}.Debug|x86.ActiveCfg = Debug|x86
		{C16F46D8-461B-4FE3-B8D6-26B3DBE6FA6C}.Debug|x86.Build.0 = Debug|x86
		{C16F46D8-461B-4FE3-B8D6-26B3DBE6FA6C}.Release|Any CPU.ActiveCfg = Release|Any CPU
		{C16F46D8-461B-4FE3-B8D6-26B3DBE6FA6C}.Release|Any CPU.Build.0 = Release|Any CPU
		{C16F46D8-461B-4FE3-B8D6-26B3DBE6FA6C}.Release|x64.ActiveCfg = Release|x64
		{C16F46D8-461B-4FE3-B8D6-26B3DBE6FA6C}.Release|x64.Build.0 = Release|x64
		{C16F46D8-461B-4FE3-B8D6-26B3DBE6FA6C}.Release|x86.ActiveCfg = Release|x86
		{C16F46D8-461B-4FE3-B8D6-26B3DBE6FA6C}.Release|x86.Build.0 = Release|x86
		{6FDBDA8A-EE11-46CB-B416-759F0800420B}.Debug|Any CPU.ActiveCfg = Debug|Any CPU
		{6FDBDA8A-EE11-46CB-B416-759F0800420B}.Debug|Any CPU.Build.0 = Debug|Any CPU
		{6FDBDA8A-EE11-46CB-B416-759F0800420B}.Debug|x64.ActiveCfg = Debug|x64
		{6FDBDA8A-EE11-46CB-B416-759F0800420B}.Debug|x64.Build.0 = Debug|x64
		{6FDBDA8A-EE11-46CB-B416-759F0800420B}.Debug|x86.ActiveCfg = Debug|x86
		{6FDBDA8A-EE11-46CB-B416-759F0800420B}.Debug|x86.Build.0 = Debug|x86
		{6FDBDA8A-EE11-46CB-B416-759F0800420B}.Release|Any CPU.ActiveCfg = Release|Any CPU
		{6FDBDA8A-EE11-46CB-B416-759F0800420B}.Release|Any CPU.Build.0 = Release|Any CPU
		{6FDBDA8A-EE11-46CB-B416-759F0800420B}.Release|x64.ActiveCfg = Release|x64
		{6FDBDA8A-EE11-46CB-B416-759F0800420B}.Release|x64.Build.0 = Release|x64
		{6FDBDA8A-EE11-46CB-B416-759F0800420B}.Release|x86.ActiveCfg = Release|x86
		{6FDBDA8A-EE11-46CB-B416-759F0800420B}.Release|x86.Build.0 = Release|x86
	EndGlobalSection
	GlobalSection(SolutionProperties) = preSolution
		HideSolutionNode = FALSE
	EndGlobalSection
	GlobalSection(ExtensibilityGlobals) = postSolution
		SolutionGuid = {8475C380-512C-4AB5-9387-EC5C62108FBE}
	EndGlobalSection
EndGlobal
